// !$*UTF8*$!
{
	archiveVersion = 1;
	classes = {
	};
	objectVersion = 55;
	objects = {

/* Begin PBXBuildFile section */
		B7558B97CD44E2808A4398B1 /* Pods_BloggingMe.framework in Frameworks */ = {isa = PBXBuildFile; fileRef = 03A3766539B1699D78C97730 /* Pods_BloggingMe.framework */; };
		C5478D3928EF10AB001D0A74 /* GoogleService-Info.plist in Resources */ = {isa = PBXBuildFile; fileRef = C5478D3828EF10AB001D0A74 /* GoogleService-Info.plist */; };
		C5478D3B28EF1678001D0A74 /* User.swift in Sources */ = {isa = PBXBuildFile; fileRef = C5478D3A28EF1678001D0A74 /* User.swift */; };
		C5478D3D28EF1687001D0A74 /* BlogPost.swift in Sources */ = {isa = PBXBuildFile; fileRef = C5478D3C28EF1687001D0A74 /* BlogPost.swift */; };
		C58C307228EEEC160099ACD7 /* AppDelegate.swift in Sources */ = {isa = PBXBuildFile; fileRef = C58C307128EEEC160099ACD7 /* AppDelegate.swift */; };
		C58C307428EEEC160099ACD7 /* SceneDelegate.swift in Sources */ = {isa = PBXBuildFile; fileRef = C58C307328EEEC160099ACD7 /* SceneDelegate.swift */; };
		C58C307628EEEC160099ACD7 /* HomeViewController.swift in Sources */ = {isa = PBXBuildFile; fileRef = C58C307528EEEC160099ACD7 /* HomeViewController.swift */; };
		C58C307B28EEEC170099ACD7 /* Assets.xcassets in Resources */ = {isa = PBXBuildFile; fileRef = C58C307A28EEEC170099ACD7 /* Assets.xcassets */; };
		C58C307E28EEEC170099ACD7 /* LaunchScreen.storyboard in Resources */ = {isa = PBXBuildFile; fileRef = C58C307C28EEEC170099ACD7 /* LaunchScreen.storyboard */; };
		C58C308C28EEF2780099ACD7 /* ProfileViewController.swift in Sources */ = {isa = PBXBuildFile; fileRef = C58C308B28EEF2780099ACD7 /* ProfileViewController.swift */; };
		C58C308F28EEF2A60099ACD7 /* TabBarController.swift in Sources */ = {isa = PBXBuildFile; fileRef = C58C308E28EEF2A60099ACD7 /* TabBarController.swift */; };
		C58C309128EEF2EE0099ACD7 /* SignInViewController.swift in Sources */ = {isa = PBXBuildFile; fileRef = C58C309028EEF2EE0099ACD7 /* SignInViewController.swift */; };
		C58C309328EEF3070099ACD7 /* SingUpViewController.swift in Sources */ = {isa = PBXBuildFile; fileRef = C58C309228EEF3070099ACD7 /* SingUpViewController.swift */; };
		C58C309528EEF3180099ACD7 /* ViewPostViewController.swift in Sources */ = {isa = PBXBuildFile; fileRef = C58C309428EEF3180099ACD7 /* ViewPostViewController.swift */; };
		C58C309728EEF3380099ACD7 /* CreateNewPostViewController.swift in Sources */ = {isa = PBXBuildFile; fileRef = C58C309628EEF3380099ACD7 /* CreateNewPostViewController.swift */; };
		C58C309B28EEF3830099ACD7 /* DatabaseManager.swift in Sources */ = {isa = PBXBuildFile; fileRef = C58C309A28EEF3830099ACD7 /* DatabaseManager.swift */; };
		C58C309D28EEF3920099ACD7 /* AuthManager.swift in Sources */ = {isa = PBXBuildFile; fileRef = C58C309C28EEF3920099ACD7 /* AuthManager.swift */; };
		C58C309F28EEF3A90099ACD7 /* StorageManager.swift in Sources */ = {isa = PBXBuildFile; fileRef = C58C309E28EEF3A90099ACD7 /* StorageManager.swift */; };
		C595D4F328F03998009BC16E /* PayWallViewController.swift in Sources */ = {isa = PBXBuildFile; fileRef = C595D4F228F03998009BC16E /* PayWallViewController.swift */; };
		C595D4F528F03A47009BC16E /* IAPManager.swift in Sources */ = {isa = PBXBuildFile; fileRef = C595D4F428F03A47009BC16E /* IAPManager.swift */; };
		C595D4F728F03BBD009BC16E /* PayWallHeaderView.swift in Sources */ = {isa = PBXBuildFile; fileRef = C595D4F628F03BBD009BC16E /* PayWallHeaderView.swift */; };
		C595D4F928F03EFC009BC16E /* Extensions.swift in Sources */ = {isa = PBXBuildFile; fileRef = C595D4F828F03EFC009BC16E /* Extensions.swift */; };
		C595D4FB28F04602009BC16E /* PayWallDescriptionView.swift in Sources */ = {isa = PBXBuildFile; fileRef = C595D4FA28F04602009BC16E /* PayWallDescriptionView.swift */; };
/* End PBXBuildFile section */

/* Begin PBXFileReference section */
		03A3766539B1699D78C97730 /* Pods_BloggingMe.framework */ = {isa = PBXFileReference; explicitFileType = wrapper.framework; includeInIndex = 0; path = Pods_BloggingMe.framework; sourceTree = BUILT_PRODUCTS_DIR; };
		C5478D3828EF10AB001D0A74 /* GoogleService-Info.plist */ = {isa = PBXFileReference; fileEncoding = 4; lastKnownFileType = text.plist.xml; path = "GoogleService-Info.plist"; sourceTree = "<group>"; };
		C5478D3A28EF1678001D0A74 /* User.swift */ = {isa = PBXFileReference; lastKnownFileType = sourcecode.swift; path = User.swift; sourceTree = "<group>"; };
		C5478D3C28EF1687001D0A74 /* BlogPost.swift */ = {isa = PBXFileReference; lastKnownFileType = sourcecode.swift; path = BlogPost.swift; sourceTree = "<group>"; };
		C58C306E28EEEC160099ACD7 /* BloggingMe.app */ = {isa = PBXFileReference; explicitFileType = wrapper.application; includeInIndex = 0; path = BloggingMe.app; sourceTree = BUILT_PRODUCTS_DIR; };
		C58C307128EEEC160099ACD7 /* AppDelegate.swift */ = {isa = PBXFileReference; lastKnownFileType = sourcecode.swift; path = AppDelegate.swift; sourceTree = "<group>"; };
		C58C307328EEEC160099ACD7 /* SceneDelegate.swift */ = {isa = PBXFileReference; lastKnownFileType = sourcecode.swift; path = SceneDelegate.swift; sourceTree = "<group>"; };
		C58C307528EEEC160099ACD7 /* HomeViewController.swift */ = {isa = PBXFileReference; lastKnownFileType = sourcecode.swift; path = HomeViewController.swift; sourceTree = "<group>"; };
		C58C307A28EEEC170099ACD7 /* Assets.xcassets */ = {isa = PBXFileReference; lastKnownFileType = folder.assetcatalog; path = Assets.xcassets; sourceTree = "<group>"; };
		C58C307D28EEEC170099ACD7 /* Base */ = {isa = PBXFileReference; lastKnownFileType = file.storyboard; name = Base; path = Base.lproj/LaunchScreen.storyboard; sourceTree = "<group>"; };
		C58C307F28EEEC170099ACD7 /* Info.plist */ = {isa = PBXFileReference; lastKnownFileType = text.plist.xml; path = Info.plist; sourceTree = "<group>"; };
		C58C308B28EEF2780099ACD7 /* ProfileViewController.swift */ = {isa = PBXFileReference; lastKnownFileType = sourcecode.swift; path = ProfileViewController.swift; sourceTree = "<group>"; };
		C58C308E28EEF2A60099ACD7 /* TabBarController.swift */ = {isa = PBXFileReference; lastKnownFileType = sourcecode.swift; path = TabBarController.swift; sourceTree = "<group>"; };
		C58C309028EEF2EE0099ACD7 /* SignInViewController.swift */ = {isa = PBXFileReference; lastKnownFileType = sourcecode.swift; path = SignInViewController.swift; sourceTree = "<group>"; };
		C58C309228EEF3070099ACD7 /* SingUpViewController.swift */ = {isa = PBXFileReference; lastKnownFileType = sourcecode.swift; path = SingUpViewController.swift; sourceTree = "<group>"; };
		C58C309428EEF3180099ACD7 /* ViewPostViewController.swift */ = {isa = PBXFileReference; lastKnownFileType = sourcecode.swift; path = ViewPostViewController.swift; sourceTree = "<group>"; };
		C58C309628EEF3380099ACD7 /* CreateNewPostViewController.swift */ = {isa = PBXFileReference; lastKnownFileType = sourcecode.swift; path = CreateNewPostViewController.swift; sourceTree = "<group>"; };
		C58C309A28EEF3830099ACD7 /* DatabaseManager.swift */ = {isa = PBXFileReference; lastKnownFileType = sourcecode.swift; path = DatabaseManager.swift; sourceTree = "<group>"; };
		C58C309C28EEF3920099ACD7 /* AuthManager.swift */ = {isa = PBXFileReference; lastKnownFileType = sourcecode.swift; path = AuthManager.swift; sourceTree = "<group>"; };
		C58C309E28EEF3A90099ACD7 /* StorageManager.swift */ = {isa = PBXFileReference; lastKnownFileType = sourcecode.swift; path = StorageManager.swift; sourceTree = "<group>"; };
		C595D4F128F03829009BC16E /* Configuration.storekit */ = {isa = PBXFileReference; lastKnownFileType = text; path = Configuration.storekit; sourceTree = "<group>"; };
		C595D4F228F03998009BC16E /* PayWallViewController.swift */ = {isa = PBXFileReference; lastKnownFileType = sourcecode.swift; path = PayWallViewController.swift; sourceTree = "<group>"; };
		C595D4F428F03A47009BC16E /* IAPManager.swift */ = {isa = PBXFileReference; fileEncoding = 4; lastKnownFileType = sourcecode.swift; path = IAPManager.swift; sourceTree = "<group>"; };
		C595D4F628F03BBD009BC16E /* PayWallHeaderView.swift */ = {isa = PBXFileReference; lastKnownFileType = sourcecode.swift; path = PayWallHeaderView.swift; sourceTree = "<group>"; };
		C595D4F828F03EFC009BC16E /* Extensions.swift */ = {isa = PBXFileReference; lastKnownFileType = sourcecode.swift; path = Extensions.swift; sourceTree = "<group>"; };
		C595D4FA28F04602009BC16E /* PayWallDescriptionView.swift */ = {isa = PBXFileReference; lastKnownFileType = sourcecode.swift; path = PayWallDescriptionView.swift; sourceTree = "<group>"; };
		E0FACA7AF6F6AD27EAD84CDD /* Pods-BloggingMe.release.xcconfig */ = {isa = PBXFileReference; includeInIndex = 1; lastKnownFileType = text.xcconfig; name = "Pods-BloggingMe.release.xcconfig"; path = "Target Support Files/Pods-BloggingMe/Pods-BloggingMe.release.xcconfig"; sourceTree = "<group>"; };
		E4FD7D5BB70A6B222E5677A1 /* Pods-BloggingMe.debug.xcconfig */ = {isa = PBXFileReference; includeInIndex = 1; lastKnownFileType = text.xcconfig; name = "Pods-BloggingMe.debug.xcconfig"; path = "Target Support Files/Pods-BloggingMe/Pods-BloggingMe.debug.xcconfig"; sourceTree = "<group>"; };
/* End PBXFileReference section */

/* Begin PBXFrameworksBuildPhase section */
		C58C306B28EEEC160099ACD7 /* Frameworks */ = {
			isa = PBXFrameworksBuildPhase;
			buildActionMask = 2147483647;
			files = (
				B7558B97CD44E2808A4398B1 /* Pods_BloggingMe.framework in Frameworks */,
			);
			runOnlyForDeploymentPostprocessing = 0;
		};
/* End PBXFrameworksBuildPhase section */

/* Begin PBXGroup section */
		7570947984F3EA3ED958B2D3 /* Frameworks */ = {
			isa = PBXGroup;
			children = (
				03A3766539B1699D78C97730 /* Pods_BloggingMe.framework */,
			);
			name = Frameworks;
			sourceTree = "<group>";
		};
		C58C306528EEEC160099ACD7 = {
			isa = PBXGroup;
			children = (
				C58C307028EEEC160099ACD7 /* BloggingMe */,
				C58C306F28EEEC160099ACD7 /* Products */,
				E94658B8E8A468782A12BABE /* Pods */,
				7570947984F3EA3ED958B2D3 /* Frameworks */,
			);
			sourceTree = "<group>";
		};
		C58C306F28EEEC160099ACD7 /* Products */ = {
			isa = PBXGroup;
			children = (
				C58C306E28EEEC160099ACD7 /* BloggingMe.app */,
			);
			name = Products;
			sourceTree = "<group>";
		};
		C58C307028EEEC160099ACD7 /* BloggingMe */ = {
			isa = PBXGroup;
			children = (
				C58C308928EEF1A40099ACD7 /* Application */,
				C58C308828EEF1930099ACD7 /* Manager */,
				C58C308528EEF1760099ACD7 /* Controllers */,
				C58C308628EEF17F0099ACD7 /* Views */,
				C58C308728EEF1840099ACD7 /* Models */,
				C58C308A28EEF1F90099ACD7 /* Helpers */,
			);
			path = BloggingMe;
			sourceTree = "<group>";
		};
		C58C308528EEF1760099ACD7 /* Controllers */ = {
			isa = PBXGroup;
			children = (
				C58C30A028EEF5140099ACD7 /* Main Tabs */,
				C58C30A128EEF54E0099ACD7 /* Auth */,
				C58C30A228EEF5610099ACD7 /* Posts */,
			);
			path = Controllers;
			sourceTree = "<group>";
		};
		C58C308628EEF17F0099ACD7 /* Views */ = {
			isa = PBXGroup;
			children = (
				C58C307C28EEEC170099ACD7 /* LaunchScreen.storyboard */,
				C595D4F628F03BBD009BC16E /* PayWallHeaderView.swift */,
				C595D4FA28F04602009BC16E /* PayWallDescriptionView.swift */,
			);
			path = Views;
			sourceTree = "<group>";
		};
		C58C308728EEF1840099ACD7 /* Models */ = {
			isa = PBXGroup;
			children = (
				C5478D3A28EF1678001D0A74 /* User.swift */,
				C5478D3C28EF1687001D0A74 /* BlogPost.swift */,
			);
			path = Models;
			sourceTree = "<group>";
		};
		C58C308828EEF1930099ACD7 /* Manager */ = {
			isa = PBXGroup;
			children = (
				C595D4F428F03A47009BC16E /* IAPManager.swift */,
				C58C309A28EEF3830099ACD7 /* DatabaseManager.swift */,
				C58C309C28EEF3920099ACD7 /* AuthManager.swift */,
				C58C309E28EEF3A90099ACD7 /* StorageManager.swift */,
			);
			path = Manager;
			sourceTree = "<group>";
		};
		C58C308928EEF1A40099ACD7 /* Application */ = {
			isa = PBXGroup;
			children = (
				C58C307128EEEC160099ACD7 /* AppDelegate.swift */,
				C58C307328EEEC160099ACD7 /* SceneDelegate.swift */,
			);
			path = Application;
			sourceTree = "<group>";
		};
		C58C308A28EEF1F90099ACD7 /* Helpers */ = {
			isa = PBXGroup;
			children = (
				C5478D3828EF10AB001D0A74 /* GoogleService-Info.plist */,
				C58C307A28EEEC170099ACD7 /* Assets.xcassets */,
				C58C307F28EEEC170099ACD7 /* Info.plist */,
				C595D4F828F03EFC009BC16E /* Extensions.swift */,
			);
			path = Helpers;
			sourceTree = "<group>";
		};
		C58C30A028EEF5140099ACD7 /* Main Tabs */ = {
			isa = PBXGroup;
			children = (
				C58C308E28EEF2A60099ACD7 /* TabBarController.swift */,
				C58C307528EEEC160099ACD7 /* HomeViewController.swift */,
				C58C308B28EEF2780099ACD7 /* ProfileViewController.swift */,
				C595D4F128F03829009BC16E /* Configuration.storekit */,
				C595D4F228F03998009BC16E /* PayWallViewController.swift */,
			);
			path = "Main Tabs";
			sourceTree = "<group>";
		};
		C58C30A128EEF54E0099ACD7 /* Auth */ = {
			isa = PBXGroup;
			children = (
				C58C309028EEF2EE0099ACD7 /* SignInViewController.swift */,
				C58C309228EEF3070099ACD7 /* SingUpViewController.swift */,
			);
			path = Auth;
			sourceTree = "<group>";
		};
		C58C30A228EEF5610099ACD7 /* Posts */ = {
			isa = PBXGroup;
			children = (
				C58C309428EEF3180099ACD7 /* ViewPostViewController.swift */,
				C58C309628EEF3380099ACD7 /* CreateNewPostViewController.swift */,
			);
			path = Posts;
			sourceTree = "<group>";
		};
		E94658B8E8A468782A12BABE /* Pods */ = {
			isa = PBXGroup;
			children = (
				E4FD7D5BB70A6B222E5677A1 /* Pods-BloggingMe.debug.xcconfig */,
				E0FACA7AF6F6AD27EAD84CDD /* Pods-BloggingMe.release.xcconfig */,
			);
			path = Pods;
			sourceTree = "<group>";
		};
/* End PBXGroup section */

/* Begin PBXNativeTarget section */
		C58C306D28EEEC160099ACD7 /* BloggingMe */ = {
			isa = PBXNativeTarget;
			buildConfigurationList = C58C308228EEEC170099ACD7 /* Build configuration list for PBXNativeTarget "BloggingMe" */;
			buildPhases = (
				675F8345E4ED3EF8FDBB085D /* [CP] Check Pods Manifest.lock */,
				C58C306A28EEEC160099ACD7 /* Sources */,
				C58C306B28EEEC160099ACD7 /* Frameworks */,
				C58C306C28EEEC160099ACD7 /* Resources */,
				53DE25F067A2D4D7A9D3EF76 /* [CP] Embed Pods Frameworks */,
			);
			buildRules = (
			);
			dependencies = (
			);
			name = BloggingMe;
			productName = BloggingMe;
			productReference = C58C306E28EEEC160099ACD7 /* BloggingMe.app */;
			productType = "com.apple.product-type.application";
		};
/* End PBXNativeTarget section */

/* Begin PBXProject section */
		C58C306628EEEC160099ACD7 /* Project object */ = {
			isa = PBXProject;
			attributes = {
				BuildIndependentTargetsInParallel = 1;
				LastSwiftUpdateCheck = 1400;
				LastUpgradeCheck = 1400;
				TargetAttributes = {
					C58C306D28EEEC160099ACD7 = {
						CreatedOnToolsVersion = 14.0.1;
					};
				};
			};
			buildConfigurationList = C58C306928EEEC160099ACD7 /* Build configuration list for PBXProject "BloggingMe" */;
			compatibilityVersion = "Xcode 13.0";
			developmentRegion = en;
			hasScannedForEncodings = 0;
			knownRegions = (
				en,
				Base,
			);
			mainGroup = C58C306528EEEC160099ACD7;
			productRefGroup = C58C306F28EEEC160099ACD7 /* Products */;
			projectDirPath = "";
			projectRoot = "";
			targets = (
				C58C306D28EEEC160099ACD7 /* BloggingMe */,
			);
		};
/* End PBXProject section */

/* Begin PBXResourcesBuildPhase section */
		C58C306C28EEEC160099ACD7 /* Resources */ = {
			isa = PBXResourcesBuildPhase;
			buildActionMask = 2147483647;
			files = (
				C58C307E28EEEC170099ACD7 /* LaunchScreen.storyboard in Resources */,
				C58C307B28EEEC170099ACD7 /* Assets.xcassets in Resources */,
				C5478D3928EF10AB001D0A74 /* GoogleService-Info.plist in Resources */,
			);
			runOnlyForDeploymentPostprocessing = 0;
		};
/* End PBXResourcesBuildPhase section */

/* Begin PBXShellScriptBuildPhase section */
		53DE25F067A2D4D7A9D3EF76 /* [CP] Embed Pods Frameworks */ = {
			isa = PBXShellScriptBuildPhase;
			buildActionMask = 2147483647;
			files = (
			);
			inputFileListPaths = (
				"${PODS_ROOT}/Target Support Files/Pods-BloggingMe/Pods-BloggingMe-frameworks-${CONFIGURATION}-input-files.xcfilelist",
			);
			name = "[CP] Embed Pods Frameworks";
			outputFileListPaths = (
				"${PODS_ROOT}/Target Support Files/Pods-BloggingMe/Pods-BloggingMe-frameworks-${CONFIGURATION}-output-files.xcfilelist",
			);
			runOnlyForDeploymentPostprocessing = 0;
			shellPath = /bin/sh;
			shellScript = "\"${PODS_ROOT}/Target Support Files/Pods-BloggingMe/Pods-BloggingMe-frameworks.sh\"\n";
			showEnvVarsInLog = 0;
		};
		675F8345E4ED3EF8FDBB085D /* [CP] Check Pods Manifest.lock */ = {
			isa = PBXShellScriptBuildPhase;
			buildActionMask = 2147483647;
			files = (
			);
			inputFileListPaths = (
			);
			inputPaths = (
				"${PODS_PODFILE_DIR_PATH}/Podfile.lock",
				"${PODS_ROOT}/Manifest.lock",
			);
			name = "[CP] Check Pods Manifest.lock";
			outputFileListPaths = (
			);
			outputPaths = (
				"$(DERIVED_FILE_DIR)/Pods-BloggingMe-checkManifestLockResult.txt",
			);
			runOnlyForDeploymentPostprocessing = 0;
			shellPath = /bin/sh;
			shellScript = "diff \"${PODS_PODFILE_DIR_PATH}/Podfile.lock\" \"${PODS_ROOT}/Manifest.lock\" > /dev/null\nif [ $? != 0 ] ; then\n    # print error to STDERR\n    echo \"error: The sandbox is not in sync with the Podfile.lock. Run 'pod install' or update your CocoaPods installation.\" >&2\n    exit 1\nfi\n# This output is used by Xcode 'outputs' to avoid re-running this script phase.\necho \"SUCCESS\" > \"${SCRIPT_OUTPUT_FILE_0}\"\n";
			showEnvVarsInLog = 0;
		};
/* End PBXShellScriptBuildPhase section */

/* Begin PBXSourcesBuildPhase section */
		C58C306A28EEEC160099ACD7 /* Sources */ = {
			isa = PBXSourcesBuildPhase;
			buildActionMask = 2147483647;
			files = (
				C595D4F528F03A47009BC16E /* IAPManager.swift in Sources */,
				C595D4FB28F04602009BC16E /* PayWallDescriptionView.swift in Sources */,
				C595D4F928F03EFC009BC16E /* Extensions.swift in Sources */,
				C5478D3D28EF1687001D0A74 /* BlogPost.swift in Sources */,
				C58C309528EEF3180099ACD7 /* ViewPostViewController.swift in Sources */,
				C58C309D28EEF3920099ACD7 /* AuthManager.swift in Sources */,
				C58C309B28EEF3830099ACD7 /* DatabaseManager.swift in Sources */,
				C595D4F728F03BBD009BC16E /* PayWallHeaderView.swift in Sources */,
				C58C307628EEEC160099ACD7 /* HomeViewController.swift in Sources */,
				C58C309328EEF3070099ACD7 /* SingUpViewController.swift in Sources */,
				C58C307228EEEC160099ACD7 /* AppDelegate.swift in Sources */,
				C5478D3B28EF1678001D0A74 /* User.swift in Sources */,
				C58C309128EEF2EE0099ACD7 /* SignInViewController.swift in Sources */,
				C595D4F328F03998009BC16E /* PayWallViewController.swift in Sources */,
				C58C309728EEF3380099ACD7 /* CreateNewPostViewController.swift in Sources */,
				C58C308C28EEF2780099ACD7 /* ProfileViewController.swift in Sources */,
				C58C308F28EEF2A60099ACD7 /* TabBarController.swift in Sources */,
				C58C307428EEEC160099ACD7 /* SceneDelegate.swift in Sources */,
				C58C309F28EEF3A90099ACD7 /* StorageManager.swift in Sources */,
			);
			runOnlyForDeploymentPostprocessing = 0;
		};
/* End PBXSourcesBuildPhase section */

/* Begin PBXVariantGroup section */
		C58C307C28EEEC170099ACD7 /* LaunchScreen.storyboard */ = {
			isa = PBXVariantGroup;
			children = (
				C58C307D28EEEC170099ACD7 /* Base */,
			);
			name = LaunchScreen.storyboard;
			sourceTree = "<group>";
		};
/* End PBXVariantGroup section */

/* Begin XCBuildConfiguration section */
		C58C308028EEEC170099ACD7 /* Debug */ = {
			isa = XCBuildConfiguration;
			buildSettings = {
				ALWAYS_SEARCH_USER_PATHS = NO;
				CLANG_ANALYZER_NONNULL = YES;
				CLANG_ANALYZER_NUMBER_OBJECT_CONVERSION = YES_AGGRESSIVE;
				CLANG_CXX_LANGUAGE_STANDARD = "gnu++20";
				CLANG_ENABLE_MODULES = YES;
				CLANG_ENABLE_OBJC_ARC = YES;
				CLANG_ENABLE_OBJC_WEAK = YES;
				CLANG_WARN_BLOCK_CAPTURE_AUTORELEASING = YES;
				CLANG_WARN_BOOL_CONVERSION = YES;
				CLANG_WARN_COMMA = YES;
				CLANG_WARN_CONSTANT_CONVERSION = YES;
				CLANG_WARN_DEPRECATED_OBJC_IMPLEMENTATIONS = YES;
				CLANG_WARN_DIRECT_OBJC_ISA_USAGE = YES_ERROR;
				CLANG_WARN_DOCUMENTATION_COMMENTS = YES;
				CLANG_WARN_EMPTY_BODY = YES;
				CLANG_WARN_ENUM_CONVERSION = YES;
				CLANG_WARN_INFINITE_RECURSION = YES;
				CLANG_WARN_INT_CONVERSION = YES;
				CLANG_WARN_NON_LITERAL_NULL_CONVERSION = YES;
				CLANG_WARN_OBJC_IMPLICIT_RETAIN_SELF = YES;
				CLANG_WARN_OBJC_LITERAL_CONVERSION = YES;
				CLANG_WARN_OBJC_ROOT_CLASS = YES_ERROR;
				CLANG_WARN_QUOTED_INCLUDE_IN_FRAMEWORK_HEADER = YES;
				CLANG_WARN_RANGE_LOOP_ANALYSIS = YES;
				CLANG_WARN_STRICT_PROTOTYPES = YES;
				CLANG_WARN_SUSPICIOUS_MOVE = YES;
				CLANG_WARN_UNGUARDED_AVAILABILITY = YES_AGGRESSIVE;
				CLANG_WARN_UNREACHABLE_CODE = YES;
				CLANG_WARN__DUPLICATE_METHOD_MATCH = YES;
				COPY_PHASE_STRIP = NO;
				DEBUG_INFORMATION_FORMAT = dwarf;
				ENABLE_STRICT_OBJC_MSGSEND = YES;
				ENABLE_TESTABILITY = YES;
				GCC_C_LANGUAGE_STANDARD = gnu11;
				GCC_DYNAMIC_NO_PIC = NO;
				GCC_NO_COMMON_BLOCKS = YES;
				GCC_OPTIMIZATION_LEVEL = 0;
				GCC_PREPROCESSOR_DEFINITIONS = (
					"DEBUG=1",
					"$(inherited)",
				);
				GCC_WARN_64_TO_32_BIT_CONVERSION = YES;
				GCC_WARN_ABOUT_RETURN_TYPE = YES_ERROR;
				GCC_WARN_UNDECLARED_SELECTOR = YES;
				GCC_WARN_UNINITIALIZED_AUTOS = YES_AGGRESSIVE;
				GCC_WARN_UNUSED_FUNCTION = YES;
				GCC_WARN_UNUSED_VARIABLE = YES;
				IPHONEOS_DEPLOYMENT_TARGET = 15.0;
				MTL_ENABLE_DEBUG_INFO = INCLUDE_SOURCE;
				MTL_FAST_MATH = YES;
				ONLY_ACTIVE_ARCH = YES;
				SDKROOT = iphoneos;
				SWIFT_ACTIVE_COMPILATION_CONDITIONS = DEBUG;
				SWIFT_OPTIMIZATION_LEVEL = "-Onone";
			};
			name = Debug;
		};
		C58C308128EEEC170099ACD7 /* Release */ = {
			isa = XCBuildConfiguration;
			buildSettings = {
				ALWAYS_SEARCH_USER_PATHS = NO;
				CLANG_ANALYZER_NONNULL = YES;
				CLANG_ANALYZER_NUMBER_OBJECT_CONVERSION = YES_AGGRESSIVE;
				CLANG_CXX_LANGUAGE_STANDARD = "gnu++20";
				CLANG_ENABLE_MODULES = YES;
				CLANG_ENABLE_OBJC_ARC = YES;
				CLANG_ENABLE_OBJC_WEAK = YES;
				CLANG_WARN_BLOCK_CAPTURE_AUTORELEASING = YES;
				CLANG_WARN_BOOL_CONVERSION = YES;
				CLANG_WARN_COMMA = YES;
				CLANG_WARN_CONSTANT_CONVERSION = YES;
				CLANG_WARN_DEPRECATED_OBJC_IMPLEMENTATIONS = YES;
				CLANG_WARN_DIRECT_OBJC_ISA_USAGE = YES_ERROR;
				CLANG_WARN_DOCUMENTATION_COMMENTS = YES;
				CLANG_WARN_EMPTY_BODY = YES;
				CLANG_WARN_ENUM_CONVERSION = YES;
				CLANG_WARN_INFINITE_RECURSION = YES;
				CLANG_WARN_INT_CONVERSION = YES;
				CLANG_WARN_NON_LITERAL_NULL_CONVERSION = YES;
				CLANG_WARN_OBJC_IMPLICIT_RETAIN_SELF = YES;
				CLANG_WARN_OBJC_LITERAL_CONVERSION = YES;
				CLANG_WARN_OBJC_ROOT_CLASS = YES_ERROR;
				CLANG_WARN_QUOTED_INCLUDE_IN_FRAMEWORK_HEADER = YES;
				CLANG_WARN_RANGE_LOOP_ANALYSIS = YES;
				CLANG_WARN_STRICT_PROTOTYPES = YES;
				CLANG_WARN_SUSPICIOUS_MOVE = YES;
				CLANG_WARN_UNGUARDED_AVAILABILITY = YES_AGGRESSIVE;
				CLANG_WARN_UNREACHABLE_CODE = YES;
				CLANG_WARN__DUPLICATE_METHOD_MATCH = YES;
				COPY_PHASE_STRIP = NO;
				DEBUG_INFORMATION_FORMAT = "dwarf-with-dsym";
				ENABLE_NS_ASSERTIONS = NO;
				ENABLE_STRICT_OBJC_MSGSEND = YES;
				GCC_C_LANGUAGE_STANDARD = gnu11;
				GCC_NO_COMMON_BLOCKS = YES;
				GCC_WARN_64_TO_32_BIT_CONVERSION = YES;
				GCC_WARN_ABOUT_RETURN_TYPE = YES_ERROR;
				GCC_WARN_UNDECLARED_SELECTOR = YES;
				GCC_WARN_UNINITIALIZED_AUTOS = YES_AGGRESSIVE;
				GCC_WARN_UNUSED_FUNCTION = YES;
				GCC_WARN_UNUSED_VARIABLE = YES;
				IPHONEOS_DEPLOYMENT_TARGET = 15.0;
				MTL_ENABLE_DEBUG_INFO = NO;
				MTL_FAST_MATH = YES;
				SDKROOT = iphoneos;
				SWIFT_COMPILATION_MODE = wholemodule;
				SWIFT_OPTIMIZATION_LEVEL = "-O";
				VALIDATE_PRODUCT = YES;
			};
			name = Release;
		};
		C58C308328EEEC170099ACD7 /* Debug */ = {
			isa = XCBuildConfiguration;
			baseConfigurationReference = E4FD7D5BB70A6B222E5677A1 /* Pods-BloggingMe.debug.xcconfig */;
			buildSettings = {
				ASSETCATALOG_COMPILER_APPICON_NAME = AppIcon;
				ASSETCATALOG_COMPILER_GLOBAL_ACCENT_COLOR_NAME = AccentColor;
				CODE_SIGN_STYLE = Automatic;
				CURRENT_PROJECT_VERSION = 1;
				DEVELOPMENT_TEAM = 5CD9RDCH3V;
				GENERATE_INFOPLIST_FILE = YES;
				INFOPLIST_FILE = BloggingMe/Helpers/Info.plist;
				INFOPLIST_KEY_UIApplicationSupportsIndirectInputEvents = YES;
				INFOPLIST_KEY_UILaunchStoryboardName = LaunchScreen;
				INFOPLIST_KEY_UISupportedInterfaceOrientations = UIInterfaceOrientationPortrait;
				INFOPLIST_KEY_UISupportedInterfaceOrientations_iPad = "UIInterfaceOrientationLandscapeLeft UIInterfaceOrientationLandscapeRight UIInterfaceOrientationPortrait UIInterfaceOrientationPortraitUpsideDown";
				IPHONEOS_DEPLOYMENT_TARGET = 15.0;
				LD_RUNPATH_SEARCH_PATHS = (
					"$(inherited)",
					"@executable_path/Frameworks",
				);
				MARKETING_VERSION = 1.0;
				PRODUCT_BUNDLE_IDENTIFIER = com.SAI.BloggingMe;
				PRODUCT_NAME = "$(TARGET_NAME)";
				SUPPORTED_PLATFORMS = "iphoneos iphonesimulator";
				SUPPORTS_MACCATALYST = NO;
				SUPPORTS_MAC_DESIGNED_FOR_IPHONE_IPAD = NO;
				SWIFT_EMIT_LOC_STRINGS = YES;
				SWIFT_VERSION = 5.0;
				TARGETED_DEVICE_FAMILY = 1;
			};
			name = Debug;
		};
		C58C308428EEEC170099ACD7 /* Release */ = {
			isa = XCBuildConfiguration;
			baseConfigurationReference = E0FACA7AF6F6AD27EAD84CDD /* Pods-BloggingMe.release.xcconfig */;
			buildSettings = {
				ASSETCATALOG_COMPILER_APPICON_NAME = AppIcon;
				ASSETCATALOG_COMPILER_GLOBAL_ACCENT_COLOR_NAME = AccentColor;
				CODE_SIGN_STYLE = Automatic;
				CURRENT_PROJECT_VERSION = 1;
				DEVELOPMENT_TEAM = 5CD9RDCH3V;
				GENERATE_INFOPLIST_FILE = YES;
				INFOPLIST_FILE = BloggingMe/Helpers/Info.plist;
				INFOPLIST_KEY_UIApplicationSupportsIndirectInputEvents = YES;
				INFOPLIST_KEY_UILaunchStoryboardName = LaunchScreen;
				INFOPLIST_KEY_UISupportedInterfaceOrientations = UIInterfaceOrientationPortrait;
				INFOPLIST_KEY_UISupportedInterfaceOrientations_iPad = "UIInterfaceOrientationLandscapeLeft UIInterfaceOrientationLandscapeRight UIInterfaceOrientationPortrait UIInterfaceOrientationPortraitUpsideDown";
				IPHONEOS_DEPLOYMENT_TARGET = 15.0;
				LD_RUNPATH_SEARCH_PATHS = (
					"$(inherited)",
					"@executable_path/Frameworks",
				);
				MARKETING_VERSION = 1.0;
				PRODUCT_BUNDLE_IDENTIFIER = com.SAI.BloggingMe;
				PRODUCT_NAME = "$(TARGET_NAME)";
				SUPPORTED_PLATFORMS = "iphoneos iphonesimulator";
				SUPPORTS_MACCATALYST = NO;
				SUPPORTS_MAC_DESIGNED_FOR_IPHONE_IPAD = NO;
				SWIFT_EMIT_LOC_STRINGS = YES;
				SWIFT_VERSION = 5.0;
				TARGETED_DEVICE_FAMILY = 1;
			};
			name = Release;
		};
/* End XCBuildConfiguration section */

/* Begin XCConfigurationList section */
		C58C306928EEEC160099ACD7 /* Build configuration list for PBXProject "BloggingMe" */ = {
			isa = XCConfigurationList;
			buildConfigurations = (
				C58C308028EEEC170099ACD7 /* Debug */,
				C58C308128EEEC170099ACD7 /* Release */,
			);
			defaultConfigurationIsVisible = 0;
			defaultConfigurationName = Release;
		};
		C58C308228EEEC170099ACD7 /* Build configuration list for PBXNativeTarget "BloggingMe" */ = {
			isa = XCConfigurationList;
			buildConfigurations = (
				C58C308328EEEC170099ACD7 /* Debug */,
				C58C308428EEEC170099ACD7 /* Release */,
			);
			defaultConfigurationIsVisible = 0;
			defaultConfigurationName = Release;
		};
/* End XCConfigurationList section */
	};
	rootObject = C58C306628EEEC160099ACD7 /* Project object */;
}
