// !$*UTF8*$!
{
	archiveVersion = 1;
	classes = {
	};
	objectVersion = 55;
	objects = {

/* Begin PBXBuildFile section */
		5510DCE552C31D77A5FE3037 /* Pods_BloggingMe.framework in Frameworks */ = {isa = PBXBuildFile; fileRef = A4580941AEFD02376A2013FA /* Pods_BloggingMe.framework */; };
		C51CD68B28FFFE9500E8778A /* HapticsManager.swift in Sources */ = {isa = PBXBuildFile; fileRef = C51CD68A28FFFE9500E8778A /* HapticsManager.swift */; };
		C525381E28F96F5200264261 /* ProfileHeaderView.swift in Sources */ = {isa = PBXBuildFile; fileRef = C525381D28F96F5200264261 /* ProfileHeaderView.swift */; };
		C5478D3B28EF1678001D0A74 /* User.swift in Sources */ = {isa = PBXBuildFile; fileRef = C5478D3A28EF1678001D0A74 /* User.swift */; };
		C5478D3D28EF1687001D0A74 /* BlogPost.swift in Sources */ = {isa = PBXBuildFile; fileRef = C5478D3C28EF1687001D0A74 /* BlogPost.swift */; };
		C55F4ACB290AA070005C69D4 /* OpenSans-Regular.ttf in Resources */ = {isa = PBXBuildFile; fileRef = C55F4AC5290A9B93005C69D4 /* OpenSans-Regular.ttf */; };
		C55F4ACC290AA074005C69D4 /* OpenSans-SemiBold.ttf in Resources */ = {isa = PBXBuildFile; fileRef = C55F4AC7290A9DA7005C69D4 /* OpenSans-SemiBold.ttf */; };
		C55F4AD0290AA5B6005C69D4 /* LobsterTwo-Italic.ttf in Resources */ = {isa = PBXBuildFile; fileRef = C55F4ACE290AA549005C69D4 /* LobsterTwo-Italic.ttf */; };
		C55F4AD3290B189E005C69D4 /* OpenSans-Bold.ttf in Resources */ = {isa = PBXBuildFile; fileRef = C55F4AC9290A9E2D005C69D4 /* OpenSans-Bold.ttf */; };
		C56CA84E28F548E9003EA427 /* GoogleService-Info.plist in Resources */ = {isa = PBXBuildFile; fileRef = C56CA84D28F548E9003EA427 /* GoogleService-Info.plist */; };
		C58C307228EEEC160099ACD7 /* AppDelegate.swift in Sources */ = {isa = PBXBuildFile; fileRef = C58C307128EEEC160099ACD7 /* AppDelegate.swift */; };
		C58C307428EEEC160099ACD7 /* SceneDelegate.swift in Sources */ = {isa = PBXBuildFile; fileRef = C58C307328EEEC160099ACD7 /* SceneDelegate.swift */; };
		C58C307628EEEC160099ACD7 /* HomeViewController.swift in Sources */ = {isa = PBXBuildFile; fileRef = C58C307528EEEC160099ACD7 /* HomeViewController.swift */; };
		C58C307B28EEEC170099ACD7 /* Assets.xcassets in Resources */ = {isa = PBXBuildFile; fileRef = C58C307A28EEEC170099ACD7 /* Assets.xcassets */; };
		C58C307E28EEEC170099ACD7 /* LaunchScreen.storyboard in Resources */ = {isa = PBXBuildFile; fileRef = C58C307C28EEEC170099ACD7 /* LaunchScreen.storyboard */; };
		C58C308C28EEF2780099ACD7 /* ProfileViewController.swift in Sources */ = {isa = PBXBuildFile; fileRef = C58C308B28EEF2780099ACD7 /* ProfileViewController.swift */; };
		C58C308F28EEF2A60099ACD7 /* TabBarController.swift in Sources */ = {isa = PBXBuildFile; fileRef = C58C308E28EEF2A60099ACD7 /* TabBarController.swift */; };
		C58C309128EEF2EE0099ACD7 /* SignInViewController.swift in Sources */ = {isa = PBXBuildFile; fileRef = C58C309028EEF2EE0099ACD7 /* SignInViewController.swift */; };
		C58C309328EEF3070099ACD7 /* SignUpViewController.swift in Sources */ = {isa = PBXBuildFile; fileRef = C58C309228EEF3070099ACD7 /* SignUpViewController.swift */; };
		C58C309528EEF3180099ACD7 /* DetailPostVC.swift in Sources */ = {isa = PBXBuildFile; fileRef = C58C309428EEF3180099ACD7 /* DetailPostVC.swift */; };
		C58C309728EEF3380099ACD7 /* CreateNewPostVC.swift in Sources */ = {isa = PBXBuildFile; fileRef = C58C309628EEF3380099ACD7 /* CreateNewPostVC.swift */; };
		C58C309B28EEF3830099ACD7 /* DatabaseManager.swift in Sources */ = {isa = PBXBuildFile; fileRef = C58C309A28EEF3830099ACD7 /* DatabaseManager.swift */; };
		C58C309D28EEF3920099ACD7 /* AuthManager.swift in Sources */ = {isa = PBXBuildFile; fileRef = C58C309C28EEF3920099ACD7 /* AuthManager.swift */; };
		C58C309F28EEF3A90099ACD7 /* StorageManager.swift in Sources */ = {isa = PBXBuildFile; fileRef = C58C309E28EEF3A90099ACD7 /* StorageManager.swift */; };
		C595D4F928F03EFC009BC16E /* UITextField + Ext.swift in Sources */ = {isa = PBXBuildFile; fileRef = C595D4F828F03EFC009BC16E /* UITextField + Ext.swift */; };
		C5D0F97A28F43D0B0076B1C2 /* SignInHeaderView.swift in Sources */ = {isa = PBXBuildFile; fileRef = C5D0F97928F43D0B0076B1C2 /* SignInHeaderView.swift */; };
		C5DB5B8F28FE8C1E00334EC7 /* PostPreviewTableViewCell.swift in Sources */ = {isa = PBXBuildFile; fileRef = C5DB5B8E28FE8C1E00334EC7 /* PostPreviewTableViewCell.swift */; };
		C5DB5B9128FE8C6400334EC7 /* PostHeaderTableViewCell.swift in Sources */ = {isa = PBXBuildFile; fileRef = C5DB5B9028FE8C6400334EC7 /* PostHeaderTableViewCell.swift */; };
		C5DB5B9328FE91CF00334EC7 /* PostPreviewTableViewCellViewModel.swift in Sources */ = {isa = PBXBuildFile; fileRef = C5DB5B9228FE91CF00334EC7 /* PostPreviewTableViewCellViewModel.swift */; };
		C5DB5B9528FE9A0600334EC7 /* PostHeaderTableViewCellViewModel.swift in Sources */ = {isa = PBXBuildFile; fileRef = C5DB5B9428FE9A0600334EC7 /* PostHeaderTableViewCellViewModel.swift */; };
		C5F4A9332913A9BB0032CAB0 /* MailResponseModel.swift in Sources */ = {isa = PBXBuildFile; fileRef = C5F4A9322913A9BB0032CAB0 /* MailResponseModel.swift */; };
		C5F4A9352913AA2D0032CAB0 /* String + Ext.swift in Sources */ = {isa = PBXBuildFile; fileRef = C5F4A9342913AA2D0032CAB0 /* String + Ext.swift */; };
		C5F4A93A2913AB730032CAB0 /* NetworkRequest.swift in Sources */ = {isa = PBXBuildFile; fileRef = C5F4A9392913AB730032CAB0 /* NetworkRequest.swift */; };
		C5F4A93C2913AB7C0032CAB0 /* NetworkDataFetch.swift in Sources */ = {isa = PBXBuildFile; fileRef = C5F4A93B2913AB7C0032CAB0 /* NetworkDataFetch.swift */; };
		C5F4A93E2913B8610032CAB0 /* Alerts.swift in Sources */ = {isa = PBXBuildFile; fileRef = C5F4A93D2913B8610032CAB0 /* Alerts.swift */; };
		C5F4A9412913E1590032CAB0 /* UITextView + Ext.swift in Sources */ = {isa = PBXBuildFile; fileRef = C5F4A9402913E1590032CAB0 /* UITextView + Ext.swift */; };
		C5F4A9432913E18D0032CAB0 /* UIButton + Ext.swift in Sources */ = {isa = PBXBuildFile; fileRef = C5F4A9422913E18D0032CAB0 /* UIButton + Ext.swift */; };
		C5F4A9452913F6670032CAB0 /* MailApiKey.swift in Sources */ = {isa = PBXBuildFile; fileRef = C5F4A9442913F6670032CAB0 /* MailApiKey.swift */; };
/* End PBXBuildFile section */

/* Begin PBXFileReference section */
		50833B7F930D322A8447E469 /* Pods-BloggingMe.release.xcconfig */ = {isa = PBXFileReference; includeInIndex = 1; lastKnownFileType = text.xcconfig; name = "Pods-BloggingMe.release.xcconfig"; path = "Target Support Files/Pods-BloggingMe/Pods-BloggingMe.release.xcconfig"; sourceTree = "<group>"; };
		81CAAC29EE6F108EEA9E3A71 /* Pods-BloggingMe.debug.xcconfig */ = {isa = PBXFileReference; includeInIndex = 1; lastKnownFileType = text.xcconfig; name = "Pods-BloggingMe.debug.xcconfig"; path = "Target Support Files/Pods-BloggingMe/Pods-BloggingMe.debug.xcconfig"; sourceTree = "<group>"; };
		A4580941AEFD02376A2013FA /* Pods_BloggingMe.framework */ = {isa = PBXFileReference; explicitFileType = wrapper.framework; includeInIndex = 0; path = Pods_BloggingMe.framework; sourceTree = BUILT_PRODUCTS_DIR; };
		C51CD68A28FFFE9500E8778A /* HapticsManager.swift */ = {isa = PBXFileReference; lastKnownFileType = sourcecode.swift; path = HapticsManager.swift; sourceTree = "<group>"; };
		C525381D28F96F5200264261 /* ProfileHeaderView.swift */ = {isa = PBXFileReference; fileEncoding = 4; lastKnownFileType = sourcecode.swift; path = ProfileHeaderView.swift; sourceTree = "<group>"; };
		C5478D3A28EF1678001D0A74 /* User.swift */ = {isa = PBXFileReference; lastKnownFileType = sourcecode.swift; path = User.swift; sourceTree = "<group>"; };
		C5478D3C28EF1687001D0A74 /* BlogPost.swift */ = {isa = PBXFileReference; lastKnownFileType = sourcecode.swift; path = BlogPost.swift; sourceTree = "<group>"; };
		C55F4AC5290A9B93005C69D4 /* OpenSans-Regular.ttf */ = {isa = PBXFileReference; lastKnownFileType = file; path = "OpenSans-Regular.ttf"; sourceTree = "<group>"; };
		C55F4AC7290A9DA7005C69D4 /* OpenSans-SemiBold.ttf */ = {isa = PBXFileReference; lastKnownFileType = file; path = "OpenSans-SemiBold.ttf"; sourceTree = "<group>"; };
		C55F4AC9290A9E2D005C69D4 /* OpenSans-Bold.ttf */ = {isa = PBXFileReference; lastKnownFileType = file; path = "OpenSans-Bold.ttf"; sourceTree = "<group>"; };
		C55F4ACE290AA549005C69D4 /* LobsterTwo-Italic.ttf */ = {isa = PBXFileReference; lastKnownFileType = file; path = "LobsterTwo-Italic.ttf"; sourceTree = "<group>"; };
		C56CA84D28F548E9003EA427 /* GoogleService-Info.plist */ = {isa = PBXFileReference; fileEncoding = 4; lastKnownFileType = text.plist.xml; path = "GoogleService-Info.plist"; sourceTree = "<group>"; };
		C58C306E28EEEC160099ACD7 /* BloggingMe.app */ = {isa = PBXFileReference; explicitFileType = wrapper.application; includeInIndex = 0; path = BloggingMe.app; sourceTree = BUILT_PRODUCTS_DIR; };
		C58C307128EEEC160099ACD7 /* AppDelegate.swift */ = {isa = PBXFileReference; lastKnownFileType = sourcecode.swift; path = AppDelegate.swift; sourceTree = "<group>"; };
		C58C307328EEEC160099ACD7 /* SceneDelegate.swift */ = {isa = PBXFileReference; lastKnownFileType = sourcecode.swift; path = SceneDelegate.swift; sourceTree = "<group>"; };
		C58C307528EEEC160099ACD7 /* HomeViewController.swift */ = {isa = PBXFileReference; lastKnownFileType = sourcecode.swift; path = HomeViewController.swift; sourceTree = "<group>"; };
		C58C307A28EEEC170099ACD7 /* Assets.xcassets */ = {isa = PBXFileReference; lastKnownFileType = folder.assetcatalog; path = Assets.xcassets; sourceTree = "<group>"; };
		C58C307D28EEEC170099ACD7 /* Base */ = {isa = PBXFileReference; lastKnownFileType = file.storyboard; name = Base; path = Base.lproj/LaunchScreen.storyboard; sourceTree = "<group>"; };
		C58C307F28EEEC170099ACD7 /* Info.plist */ = {isa = PBXFileReference; lastKnownFileType = text.plist.xml; path = Info.plist; sourceTree = "<group>"; };
		C58C308B28EEF2780099ACD7 /* ProfileViewController.swift */ = {isa = PBXFileReference; lastKnownFileType = sourcecode.swift; path = ProfileViewController.swift; sourceTree = "<group>"; };
		C58C308E28EEF2A60099ACD7 /* TabBarController.swift */ = {isa = PBXFileReference; lastKnownFileType = sourcecode.swift; path = TabBarController.swift; sourceTree = "<group>"; };
		C58C309028EEF2EE0099ACD7 /* SignInViewController.swift */ = {isa = PBXFileReference; lastKnownFileType = sourcecode.swift; path = SignInViewController.swift; sourceTree = "<group>"; };
		C58C309228EEF3070099ACD7 /* SignUpViewController.swift */ = {isa = PBXFileReference; lastKnownFileType = sourcecode.swift; path = SignUpViewController.swift; sourceTree = "<group>"; };
		C58C309428EEF3180099ACD7 /* DetailPostVC.swift */ = {isa = PBXFileReference; lastKnownFileType = sourcecode.swift; path = DetailPostVC.swift; sourceTree = "<group>"; };
		C58C309628EEF3380099ACD7 /* CreateNewPostVC.swift */ = {isa = PBXFileReference; lastKnownFileType = sourcecode.swift; path = CreateNewPostVC.swift; sourceTree = "<group>"; };
		C58C309A28EEF3830099ACD7 /* DatabaseManager.swift */ = {isa = PBXFileReference; lastKnownFileType = sourcecode.swift; path = DatabaseManager.swift; sourceTree = "<group>"; };
		C58C309C28EEF3920099ACD7 /* AuthManager.swift */ = {isa = PBXFileReference; lastKnownFileType = sourcecode.swift; path = AuthManager.swift; sourceTree = "<group>"; };
		C58C309E28EEF3A90099ACD7 /* StorageManager.swift */ = {isa = PBXFileReference; lastKnownFileType = sourcecode.swift; path = StorageManager.swift; sourceTree = "<group>"; };
		C595D4F828F03EFC009BC16E /* UITextField + Ext.swift */ = {isa = PBXFileReference; lastKnownFileType = sourcecode.swift; path = "UITextField + Ext.swift"; sourceTree = "<group>"; };
		C5D0F97928F43D0B0076B1C2 /* SignInHeaderView.swift */ = {isa = PBXFileReference; lastKnownFileType = sourcecode.swift; path = SignInHeaderView.swift; sourceTree = "<group>"; };
		C5DB5B8E28FE8C1E00334EC7 /* PostPreviewTableViewCell.swift */ = {isa = PBXFileReference; lastKnownFileType = sourcecode.swift; path = PostPreviewTableViewCell.swift; sourceTree = "<group>"; };
		C5DB5B9028FE8C6400334EC7 /* PostHeaderTableViewCell.swift */ = {isa = PBXFileReference; lastKnownFileType = sourcecode.swift; path = PostHeaderTableViewCell.swift; sourceTree = "<group>"; };
		C5DB5B9228FE91CF00334EC7 /* PostPreviewTableViewCellViewModel.swift */ = {isa = PBXFileReference; lastKnownFileType = sourcecode.swift; path = PostPreviewTableViewCellViewModel.swift; sourceTree = "<group>"; };
		C5DB5B9428FE9A0600334EC7 /* PostHeaderTableViewCellViewModel.swift */ = {isa = PBXFileReference; lastKnownFileType = sourcecode.swift; path = PostHeaderTableViewCellViewModel.swift; sourceTree = "<group>"; };
		C5F4A9322913A9BB0032CAB0 /* MailResponseModel.swift */ = {isa = PBXFileReference; lastKnownFileType = sourcecode.swift; path = MailResponseModel.swift; sourceTree = "<group>"; };
		C5F4A9342913AA2D0032CAB0 /* String + Ext.swift */ = {isa = PBXFileReference; lastKnownFileType = sourcecode.swift; path = "String + Ext.swift"; sourceTree = "<group>"; };
		C5F4A9392913AB730032CAB0 /* NetworkRequest.swift */ = {isa = PBXFileReference; lastKnownFileType = sourcecode.swift; path = NetworkRequest.swift; sourceTree = "<group>"; };
		C5F4A93B2913AB7C0032CAB0 /* NetworkDataFetch.swift */ = {isa = PBXFileReference; lastKnownFileType = sourcecode.swift; path = NetworkDataFetch.swift; sourceTree = "<group>"; };
		C5F4A93D2913B8610032CAB0 /* Alerts.swift */ = {isa = PBXFileReference; lastKnownFileType = sourcecode.swift; path = Alerts.swift; sourceTree = "<group>"; };
		C5F4A9402913E1590032CAB0 /* UITextView + Ext.swift */ = {isa = PBXFileReference; lastKnownFileType = sourcecode.swift; path = "UITextView + Ext.swift"; sourceTree = "<group>"; };
		C5F4A9422913E18D0032CAB0 /* UIButton + Ext.swift */ = {isa = PBXFileReference; lastKnownFileType = sourcecode.swift; path = "UIButton + Ext.swift"; sourceTree = "<group>"; };
		C5F4A9442913F6670032CAB0 /* MailApiKey.swift */ = {isa = PBXFileReference; fileEncoding = 4; lastKnownFileType = sourcecode.swift; path = MailApiKey.swift; sourceTree = "<group>"; };
/* End PBXFileReference section */

/* Begin PBXFrameworksBuildPhase section */
		C58C306B28EEEC160099ACD7 /* Frameworks */ = {
			isa = PBXFrameworksBuildPhase;
			buildActionMask = 2147483647;
			files = (
				5510DCE552C31D77A5FE3037 /* Pods_BloggingMe.framework in Frameworks */,
			);
			runOnlyForDeploymentPostprocessing = 0;
		};
/* End PBXFrameworksBuildPhase section */

/* Begin PBXGroup section */
		3267F0833EC087E7421496F5 /* Frameworks */ = {
			isa = PBXGroup;
			children = (
				A4580941AEFD02376A2013FA /* Pods_BloggingMe.framework */,
			);
			name = Frameworks;
			sourceTree = "<group>";
		};
		C55F4AC4290A9B2D005C69D4 /* fonts */ = {
			isa = PBXGroup;
			children = (
				C55F4AC5290A9B93005C69D4 /* OpenSans-Regular.ttf */,
				C55F4AC7290A9DA7005C69D4 /* OpenSans-SemiBold.ttf */,
				C55F4AC9290A9E2D005C69D4 /* OpenSans-Bold.ttf */,
				C55F4ACE290AA549005C69D4 /* LobsterTwo-Italic.ttf */,
			);
			path = fonts;
			sourceTree = "<group>";
		};
		C58C306528EEEC160099ACD7 = {
			isa = PBXGroup;
			children = (
				C58C307028EEEC160099ACD7 /* BloggingMe */,
				C58C306F28EEEC160099ACD7 /* Products */,
				E94658B8E8A468782A12BABE /* Pods */,
				3267F0833EC087E7421496F5 /* Frameworks */,
			);
			sourceTree = "<group>";
		};
		C58C306F28EEEC160099ACD7 /* Products */ = {
			isa = PBXGroup;
			children = (
				C58C306E28EEEC160099ACD7 /* BloggingMe.app */,
			);
			name = Products;
			sourceTree = "<group>";
		};
		C58C307028EEEC160099ACD7 /* BloggingMe */ = {
			isa = PBXGroup;
			children = (
				C5F4A93D2913B8610032CAB0 /* Alerts.swift */,
				C58C308928EEF1A40099ACD7 /* Application */,
				C58C308528EEF1760099ACD7 /* Controllers */,
				C5F4A93F2913E1330032CAB0 /* Extensions */,
				C55F4AC4290A9B2D005C69D4 /* fonts */,
				C58C308A28EEF1F90099ACD7 /* Helpers */,
				C58C308828EEF1930099ACD7 /* Managers */,
				C58C308728EEF1840099ACD7 /* Models */,
				C58C308628EEF17F0099ACD7 /* Views */,
			);
			path = BloggingMe;
			sourceTree = "<group>";
		};
		C58C308528EEF1760099ACD7 /* Controllers */ = {
			isa = PBXGroup;
			children = (
				C58C30A028EEF5140099ACD7 /* Main Tabs */,
				C58C30A128EEF54E0099ACD7 /* Auth */,
				C58C30A228EEF5610099ACD7 /* Posts */,
			);
			path = Controllers;
			sourceTree = "<group>";
		};
		C58C308628EEF17F0099ACD7 /* Views */ = {
			isa = PBXGroup;
			children = (
				C5DB5B8D28FE8BDC00334EC7 /* Cells */,
				C58C307C28EEEC170099ACD7 /* LaunchScreen.storyboard */,
				C5D0F97928F43D0B0076B1C2 /* SignInHeaderView.swift */,
				C525381D28F96F5200264261 /* ProfileHeaderView.swift */,
			);
			path = Views;
			sourceTree = "<group>";
		};
		C58C308728EEF1840099ACD7 /* Models */ = {
			isa = PBXGroup;
			children = (
				C5478D3A28EF1678001D0A74 /* User.swift */,
				C5478D3C28EF1687001D0A74 /* BlogPost.swift */,
				C5DB5B9228FE91CF00334EC7 /* PostPreviewTableViewCellViewModel.swift */,
				C5DB5B9428FE9A0600334EC7 /* PostHeaderTableViewCellViewModel.swift */,
			);
			path = Models;
			sourceTree = "<group>";
		};
		C58C308828EEF1930099ACD7 /* Managers */ = {
			isa = PBXGroup;
			children = (
				C58C309C28EEF3920099ACD7 /* AuthManager.swift */,
				C58C309A28EEF3830099ACD7 /* DatabaseManager.swift */,
				C58C309E28EEF3A90099ACD7 /* StorageManager.swift */,
				C51CD68A28FFFE9500E8778A /* HapticsManager.swift */,
			);
			path = Managers;
			sourceTree = "<group>";
		};
		C58C308928EEF1A40099ACD7 /* Application */ = {
			isa = PBXGroup;
			children = (
				C58C307128EEEC160099ACD7 /* AppDelegate.swift */,
				C58C307328EEEC160099ACD7 /* SceneDelegate.swift */,
			);
			path = Application;
			sourceTree = "<group>";
		};
		C58C308A28EEF1F90099ACD7 /* Helpers */ = {
			isa = PBXGroup;
			children = (
				C56CA84D28F548E9003EA427 /* GoogleService-Info.plist */,
				C58C307A28EEEC170099ACD7 /* Assets.xcassets */,
				C58C307F28EEEC170099ACD7 /* Info.plist */,
			);
			path = Helpers;
			sourceTree = "<group>";
		};
		C58C30A028EEF5140099ACD7 /* Main Tabs */ = {
			isa = PBXGroup;
			children = (
				C58C308E28EEF2A60099ACD7 /* TabBarController.swift */,
				C58C307528EEEC160099ACD7 /* HomeViewController.swift */,
				C58C308B28EEF2780099ACD7 /* ProfileViewController.swift */,
			);
			path = "Main Tabs";
			sourceTree = "<group>";
		};
		C58C30A128EEF54E0099ACD7 /* Auth */ = {
			isa = PBXGroup;
			children = (
				C58C309028EEF2EE0099ACD7 /* SignInViewController.swift */,
				C58C309228EEF3070099ACD7 /* SignUpViewController.swift */,
				C5F4A9312913A9710032CAB0 /* CheckEmail */,
			);
			path = Auth;
			sourceTree = "<group>";
		};
		C58C30A228EEF5610099ACD7 /* Posts */ = {
			isa = PBXGroup;
			children = (
				C58C309428EEF3180099ACD7 /* DetailPostVC.swift */,
				C58C309628EEF3380099ACD7 /* CreateNewPostVC.swift */,
			);
			path = Posts;
			sourceTree = "<group>";
		};
		C5DB5B8D28FE8BDC00334EC7 /* Cells */ = {
			isa = PBXGroup;
			children = (
				C5DB5B8E28FE8C1E00334EC7 /* PostPreviewTableViewCell.swift */,
				C5DB5B9028FE8C6400334EC7 /* PostHeaderTableViewCell.swift */,
			);
			path = Cells;
			sourceTree = "<group>";
		};
		C5F4A9312913A9710032CAB0 /* CheckEmail */ = {
			isa = PBXGroup;
			children = (
				C5F4A9322913A9BB0032CAB0 /* MailResponseModel.swift */,
				C5F4A9362913AB530032CAB0 /* Network */,
			);
			path = CheckEmail;
			sourceTree = "<group>";
		};
		C5F4A9362913AB530032CAB0 /* Network */ = {
			isa = PBXGroup;
			children = (
				C5F4A9442913F6670032CAB0 /* MailApiKey.swift */,
				C5F4A9392913AB730032CAB0 /* NetworkRequest.swift */,
				C5F4A93B2913AB7C0032CAB0 /* NetworkDataFetch.swift */,
			);
			path = Network;
			sourceTree = "<group>";
		};
		C5F4A93F2913E1330032CAB0 /* Extensions */ = {
			isa = PBXGroup;
			children = (
				C5F4A9342913AA2D0032CAB0 /* String + Ext.swift */,
				C595D4F828F03EFC009BC16E /* UITextField + Ext.swift */,
				C5F4A9422913E18D0032CAB0 /* UIButton + Ext.swift */,
				C5F4A9402913E1590032CAB0 /* UITextView + Ext.swift */,
			);
			path = Extensions;
			sourceTree = "<group>";
		};
		E94658B8E8A468782A12BABE /* Pods */ = {
			isa = PBXGroup;
			children = (
				81CAAC29EE6F108EEA9E3A71 /* Pods-BloggingMe.debug.xcconfig */,
				50833B7F930D322A8447E469 /* Pods-BloggingMe.release.xcconfig */,
			);
			path = Pods;
			sourceTree = "<group>";
		};
/* End PBXGroup section */

/* Begin PBXNativeTarget section */
		C58C306D28EEEC160099ACD7 /* BloggingMe */ = {
			isa = PBXNativeTarget;
			buildConfigurationList = C58C308228EEEC170099ACD7 /* Build configuration list for PBXNativeTarget "BloggingMe" */;
			buildPhases = (
				91705589D6AEC527F11C7AD1 /* [CP] Check Pods Manifest.lock */,
				C58C306A28EEEC160099ACD7 /* Sources */,
				C58C306B28EEEC160099ACD7 /* Frameworks */,
				C58C306C28EEEC160099ACD7 /* Resources */,
				719D6504164128EA9D405B88 /* [CP] Embed Pods Frameworks */,
			);
			buildRules = (
			);
			dependencies = (
			);
			name = BloggingMe;
			productName = BloggingMe;
			productReference = C58C306E28EEEC160099ACD7 /* BloggingMe.app */;
			productType = "com.apple.product-type.application";
		};
/* End PBXNativeTarget section */

/* Begin PBXProject section */
		C58C306628EEEC160099ACD7 /* Project object */ = {
			isa = PBXProject;
			attributes = {
				BuildIndependentTargetsInParallel = 1;
				LastSwiftUpdateCheck = 1400;
				LastUpgradeCheck = 1400;
				TargetAttributes = {
					C58C306D28EEEC160099ACD7 = {
						CreatedOnToolsVersion = 14.0.1;
					};
				};
			};
			buildConfigurationList = C58C306928EEEC160099ACD7 /* Build configuration list for PBXProject "BloggingMe" */;
			compatibilityVersion = "Xcode 13.0";
			developmentRegion = en;
			hasScannedForEncodings = 0;
			knownRegions = (
				en,
				Base,
			);
			mainGroup = C58C306528EEEC160099ACD7;
			productRefGroup = C58C306F28EEEC160099ACD7 /* Products */;
			projectDirPath = "";
			projectRoot = "";
			targets = (
				C58C306D28EEEC160099ACD7 /* BloggingMe */,
			);
		};
/* End PBXProject section */

/* Begin PBXResourcesBuildPhase section */
		C58C306C28EEEC160099ACD7 /* Resources */ = {
			isa = PBXResourcesBuildPhase;
			buildActionMask = 2147483647;
			files = (
				C55F4ACB290AA070005C69D4 /* OpenSans-Regular.ttf in Resources */,
				C55F4AD3290B189E005C69D4 /* OpenSans-Bold.ttf in Resources */,
				C55F4AD0290AA5B6005C69D4 /* LobsterTwo-Italic.ttf in Resources */,
				C58C307E28EEEC170099ACD7 /* LaunchScreen.storyboard in Resources */,
				C58C307B28EEEC170099ACD7 /* Assets.xcassets in Resources */,
				C55F4ACC290AA074005C69D4 /* OpenSans-SemiBold.ttf in Resources */,
				C56CA84E28F548E9003EA427 /* GoogleService-Info.plist in Resources */,
			);
			runOnlyForDeploymentPostprocessing = 0;
		};
/* End PBXResourcesBuildPhase section */

/* Begin PBXShellScriptBuildPhase section */
		719D6504164128EA9D405B88 /* [CP] Embed Pods Frameworks */ = {
			isa = PBXShellScriptBuildPhase;
			buildActionMask = 2147483647;
			files = (
			);
			inputFileListPaths = (
				"${PODS_ROOT}/Target Support Files/Pods-BloggingMe/Pods-BloggingMe-frameworks-${CONFIGURATION}-input-files.xcfilelist",
			);
			name = "[CP] Embed Pods Frameworks";
			outputFileListPaths = (
				"${PODS_ROOT}/Target Support Files/Pods-BloggingMe/Pods-BloggingMe-frameworks-${CONFIGURATION}-output-files.xcfilelist",
			);
			runOnlyForDeploymentPostprocessing = 0;
			shellPath = /bin/sh;
			shellScript = "\"${PODS_ROOT}/Target Support Files/Pods-BloggingMe/Pods-BloggingMe-frameworks.sh\"\n";
			showEnvVarsInLog = 0;
		};
		91705589D6AEC527F11C7AD1 /* [CP] Check Pods Manifest.lock */ = {
			isa = PBXShellScriptBuildPhase;
			buildActionMask = 2147483647;
			files = (
			);
			inputFileListPaths = (
			);
			inputPaths = (
				"${PODS_PODFILE_DIR_PATH}/Podfile.lock",
				"${PODS_ROOT}/Manifest.lock",
			);
			name = "[CP] Check Pods Manifest.lock";
			outputFileListPaths = (
			);
			outputPaths = (
				"$(DERIVED_FILE_DIR)/Pods-BloggingMe-checkManifestLockResult.txt",
			);
			runOnlyForDeploymentPostprocessing = 0;
			shellPath = /bin/sh;
			shellScript = "diff \"${PODS_PODFILE_DIR_PATH}/Podfile.lock\" \"${PODS_ROOT}/Manifest.lock\" > /dev/null\nif [ $? != 0 ] ; then\n    # print error to STDERR\n    echo \"error: The sandbox is not in sync with the Podfile.lock. Run 'pod install' or update your CocoaPods installation.\" >&2\n    exit 1\nfi\n# This output is used by Xcode 'outputs' to avoid re-running this script phase.\necho \"SUCCESS\" > \"${SCRIPT_OUTPUT_FILE_0}\"\n";
			showEnvVarsInLog = 0;
		};
/* End PBXShellScriptBuildPhase section */

/* Begin PBXSourcesBuildPhase section */
		C58C306A28EEEC160099ACD7 /* Sources */ = {
			isa = PBXSourcesBuildPhase;
			buildActionMask = 2147483647;
			files = (
				C5F4A93A2913AB730032CAB0 /* NetworkRequest.swift in Sources */,
				C5F4A9352913AA2D0032CAB0 /* String + Ext.swift in Sources */,
				C595D4F928F03EFC009BC16E /* UITextField + Ext.swift in Sources */,
				C5478D3D28EF1687001D0A74 /* BlogPost.swift in Sources */,
				C5F4A93C2913AB7C0032CAB0 /* NetworkDataFetch.swift in Sources */,
				C58C309528EEF3180099ACD7 /* DetailPostVC.swift in Sources */,
				C58C309D28EEF3920099ACD7 /* AuthManager.swift in Sources */,
				C51CD68B28FFFE9500E8778A /* HapticsManager.swift in Sources */,
				C525381E28F96F5200264261 /* ProfileHeaderView.swift in Sources */,
				C58C309B28EEF3830099ACD7 /* DatabaseManager.swift in Sources */,
				C5DB5B8F28FE8C1E00334EC7 /* PostPreviewTableViewCell.swift in Sources */,
				C5DB5B9128FE8C6400334EC7 /* PostHeaderTableViewCell.swift in Sources */,
				C58C307628EEEC160099ACD7 /* HomeViewController.swift in Sources */,
				C5DB5B9328FE91CF00334EC7 /* PostPreviewTableViewCellViewModel.swift in Sources */,
				C58C309328EEF3070099ACD7 /* SignUpViewController.swift in Sources */,
				C58C307228EEEC160099ACD7 /* AppDelegate.swift in Sources */,
				C5478D3B28EF1678001D0A74 /* User.swift in Sources */,
				C5F4A9332913A9BB0032CAB0 /* MailResponseModel.swift in Sources */,
				C58C309128EEF2EE0099ACD7 /* SignInViewController.swift in Sources */,
				C58C309728EEF3380099ACD7 /* CreateNewPostVC.swift in Sources */,
				C58C308C28EEF2780099ACD7 /* ProfileViewController.swift in Sources */,
				C58C308F28EEF2A60099ACD7 /* TabBarController.swift in Sources */,
				C5D0F97A28F43D0B0076B1C2 /* SignInHeaderView.swift in Sources */,
				C58C307428EEEC160099ACD7 /* SceneDelegate.swift in Sources */,
				C58C309F28EEF3A90099ACD7 /* StorageManager.swift in Sources */,
				C5F4A9412913E1590032CAB0 /* UITextView + Ext.swift in Sources */,
				C5DB5B9528FE9A0600334EC7 /* PostHeaderTableViewCellViewModel.swift in Sources */,
				C5F4A9432913E18D0032CAB0 /* UIButton + Ext.swift in Sources */,
				C5F4A93E2913B8610032CAB0 /* Alerts.swift in Sources */,
				C5F4A9452913F6670032CAB0 /* MailApiKey.swift in Sources */,
			);
			runOnlyForDeploymentPostprocessing = 0;
		};
/* End PBXSourcesBuildPhase section */

/* Begin PBXVariantGroup section */
		C58C307C28EEEC170099ACD7 /* LaunchScreen.storyboard */ = {
			isa = PBXVariantGroup;
			children = (
				C58C307D28EEEC170099ACD7 /* Base */,
			);
			name = LaunchScreen.storyboard;
			sourceTree = "<group>";
		};
/* End PBXVariantGroup section */

/* Begin XCBuildConfiguration section */
		C58C308028EEEC170099ACD7 /* Debug */ = {
			isa = XCBuildConfiguration;
			buildSettings = {
				ALWAYS_SEARCH_USER_PATHS = NO;
				CLANG_ANALYZER_NONNULL = YES;
				CLANG_ANALYZER_NUMBER_OBJECT_CONVERSION = YES_AGGRESSIVE;
				CLANG_CXX_LANGUAGE_STANDARD = "gnu++20";
				CLANG_ENABLE_MODULES = YES;
				CLANG_ENABLE_OBJC_ARC = YES;
				CLANG_ENABLE_OBJC_WEAK = YES;
				CLANG_WARN_BLOCK_CAPTURE_AUTORELEASING = YES;
				CLANG_WARN_BOOL_CONVERSION = YES;
				CLANG_WARN_COMMA = YES;
				CLANG_WARN_CONSTANT_CONVERSION = YES;
				CLANG_WARN_DEPRECATED_OBJC_IMPLEMENTATIONS = YES;
				CLANG_WARN_DIRECT_OBJC_ISA_USAGE = YES_ERROR;
				CLANG_WARN_DOCUMENTATION_COMMENTS = YES;
				CLANG_WARN_EMPTY_BODY = YES;
				CLANG_WARN_ENUM_CONVERSION = YES;
				CLANG_WARN_INFINITE_RECURSION = YES;
				CLANG_WARN_INT_CONVERSION = YES;
				CLANG_WARN_NON_LITERAL_NULL_CONVERSION = YES;
				CLANG_WARN_OBJC_IMPLICIT_RETAIN_SELF = YES;
				CLANG_WARN_OBJC_LITERAL_CONVERSION = YES;
				CLANG_WARN_OBJC_ROOT_CLASS = YES_ERROR;
				CLANG_WARN_QUOTED_INCLUDE_IN_FRAMEWORK_HEADER = YES;
				CLANG_WARN_RANGE_LOOP_ANALYSIS = YES;
				CLANG_WARN_STRICT_PROTOTYPES = YES;
				CLANG_WARN_SUSPICIOUS_MOVE = YES;
				CLANG_WARN_UNGUARDED_AVAILABILITY = YES_AGGRESSIVE;
				CLANG_WARN_UNREACHABLE_CODE = YES;
				CLANG_WARN__DUPLICATE_METHOD_MATCH = YES;
				COPY_PHASE_STRIP = NO;
				DEBUG_INFORMATION_FORMAT = dwarf;
				ENABLE_STRICT_OBJC_MSGSEND = YES;
				ENABLE_TESTABILITY = YES;
				GCC_C_LANGUAGE_STANDARD = gnu11;
				GCC_DYNAMIC_NO_PIC = NO;
				GCC_NO_COMMON_BLOCKS = YES;
				GCC_OPTIMIZATION_LEVEL = 0;
				GCC_PREPROCESSOR_DEFINITIONS = (
					"DEBUG=1",
					"$(inherited)",
				);
				GCC_WARN_64_TO_32_BIT_CONVERSION = YES;
				GCC_WARN_ABOUT_RETURN_TYPE = YES_ERROR;
				GCC_WARN_UNDECLARED_SELECTOR = YES;
				GCC_WARN_UNINITIALIZED_AUTOS = YES_AGGRESSIVE;
				GCC_WARN_UNUSED_FUNCTION = YES;
				GCC_WARN_UNUSED_VARIABLE = YES;
				IPHONEOS_DEPLOYMENT_TARGET = 15.0;
				MTL_ENABLE_DEBUG_INFO = INCLUDE_SOURCE;
				MTL_FAST_MATH = YES;
				ONLY_ACTIVE_ARCH = YES;
				SDKROOT = iphoneos;
				SWIFT_ACTIVE_COMPILATION_CONDITIONS = DEBUG;
				SWIFT_OPTIMIZATION_LEVEL = "-Onone";
			};
			name = Debug;
		};
		C58C308128EEEC170099ACD7 /* Release */ = {
			isa = XCBuildConfiguration;
			buildSettings = {
				ALWAYS_SEARCH_USER_PATHS = NO;
				CLANG_ANALYZER_NONNULL = YES;
				CLANG_ANALYZER_NUMBER_OBJECT_CONVERSION = YES_AGGRESSIVE;
				CLANG_CXX_LANGUAGE_STANDARD = "gnu++20";
				CLANG_ENABLE_MODULES = YES;
				CLANG_ENABLE_OBJC_ARC = YES;
				CLANG_ENABLE_OBJC_WEAK = YES;
				CLANG_WARN_BLOCK_CAPTURE_AUTORELEASING = YES;
				CLANG_WARN_BOOL_CONVERSION = YES;
				CLANG_WARN_COMMA = YES;
				CLANG_WARN_CONSTANT_CONVERSION = YES;
				CLANG_WARN_DEPRECATED_OBJC_IMPLEMENTATIONS = YES;
				CLANG_WARN_DIRECT_OBJC_ISA_USAGE = YES_ERROR;
				CLANG_WARN_DOCUMENTATION_COMMENTS = YES;
				CLANG_WARN_EMPTY_BODY = YES;
				CLANG_WARN_ENUM_CONVERSION = YES;
				CLANG_WARN_INFINITE_RECURSION = YES;
				CLANG_WARN_INT_CONVERSION = YES;
				CLANG_WARN_NON_LITERAL_NULL_CONVERSION = YES;
				CLANG_WARN_OBJC_IMPLICIT_RETAIN_SELF = YES;
				CLANG_WARN_OBJC_LITERAL_CONVERSION = YES;
				CLANG_WARN_OBJC_ROOT_CLASS = YES_ERROR;
				CLANG_WARN_QUOTED_INCLUDE_IN_FRAMEWORK_HEADER = YES;
				CLANG_WARN_RANGE_LOOP_ANALYSIS = YES;
				CLANG_WARN_STRICT_PROTOTYPES = YES;
				CLANG_WARN_SUSPICIOUS_MOVE = YES;
				CLANG_WARN_UNGUARDED_AVAILABILITY = YES_AGGRESSIVE;
				CLANG_WARN_UNREACHABLE_CODE = YES;
				CLANG_WARN__DUPLICATE_METHOD_MATCH = YES;
				COPY_PHASE_STRIP = NO;
				DEBUG_INFORMATION_FORMAT = "dwarf-with-dsym";
				ENABLE_NS_ASSERTIONS = NO;
				ENABLE_STRICT_OBJC_MSGSEND = YES;
				GCC_C_LANGUAGE_STANDARD = gnu11;
				GCC_NO_COMMON_BLOCKS = YES;
				GCC_WARN_64_TO_32_BIT_CONVERSION = YES;
				GCC_WARN_ABOUT_RETURN_TYPE = YES_ERROR;
				GCC_WARN_UNDECLARED_SELECTOR = YES;
				GCC_WARN_UNINITIALIZED_AUTOS = YES_AGGRESSIVE;
				GCC_WARN_UNUSED_FUNCTION = YES;
				GCC_WARN_UNUSED_VARIABLE = YES;
				IPHONEOS_DEPLOYMENT_TARGET = 15.0;
				MTL_ENABLE_DEBUG_INFO = NO;
				MTL_FAST_MATH = YES;
				SDKROOT = iphoneos;
				SWIFT_COMPILATION_MODE = wholemodule;
				SWIFT_OPTIMIZATION_LEVEL = "-O";
				VALIDATE_PRODUCT = YES;
			};
			name = Release;
		};
		C58C308328EEEC170099ACD7 /* Debug */ = {
			isa = XCBuildConfiguration;
			baseConfigurationReference = 81CAAC29EE6F108EEA9E3A71 /* Pods-BloggingMe.debug.xcconfig */;
			buildSettings = {
				ASSETCATALOG_COMPILER_APPICON_NAME = AppIcon;
				ASSETCATALOG_COMPILER_GLOBAL_ACCENT_COLOR_NAME = AccentColor;
				CODE_SIGN_STYLE = Automatic;
				CURRENT_PROJECT_VERSION = 1;
				DEVELOPMENT_TEAM = 5CD9RDCH3V;
				GENERATE_INFOPLIST_FILE = YES;
				INFOPLIST_FILE = BloggingMe/Helpers/Info.plist;
				INFOPLIST_KEY_UIApplicationSupportsIndirectInputEvents = YES;
				INFOPLIST_KEY_UILaunchStoryboardName = LaunchScreen;
				INFOPLIST_KEY_UISupportedInterfaceOrientations = UIInterfaceOrientationPortrait;
				INFOPLIST_KEY_UISupportedInterfaceOrientations_iPad = "UIInterfaceOrientationLandscapeLeft UIInterfaceOrientationLandscapeRight UIInterfaceOrientationPortrait UIInterfaceOrientationPortraitUpsideDown";
				IPHONEOS_DEPLOYMENT_TARGET = 15.0;
				LD_RUNPATH_SEARCH_PATHS = (
					"$(inherited)",
					"@executable_path/Frameworks",
				);
				MARKETING_VERSION = 1.0;
				PRODUCT_BUNDLE_IDENTIFIER = com.SAI.BloggingMe;
				PRODUCT_NAME = "$(TARGET_NAME)";
				SUPPORTED_PLATFORMS = "iphoneos iphonesimulator";
				SUPPORTS_MACCATALYST = NO;
				SUPPORTS_MAC_DESIGNED_FOR_IPHONE_IPAD = NO;
				SWIFT_EMIT_LOC_STRINGS = YES;
				SWIFT_VERSION = 5.0;
				TARGETED_DEVICE_FAMILY = 1;
			};
			name = Debug;
		};
		C58C308428EEEC170099ACD7 /* Release */ = {
			isa = XCBuildConfiguration;
			baseConfigurationReference = 50833B7F930D322A8447E469 /* Pods-BloggingMe.release.xcconfig */;
			buildSettings = {
				ASSETCATALOG_COMPILER_APPICON_NAME = AppIcon;
				ASSETCATALOG_COMPILER_GLOBAL_ACCENT_COLOR_NAME = AccentColor;
				CODE_SIGN_STYLE = Automatic;
				CURRENT_PROJECT_VERSION = 1;
				DEVELOPMENT_TEAM = 5CD9RDCH3V;
				GENERATE_INFOPLIST_FILE = YES;
				INFOPLIST_FILE = BloggingMe/Helpers/Info.plist;
				INFOPLIST_KEY_UIApplicationSupportsIndirectInputEvents = YES;
				INFOPLIST_KEY_UILaunchStoryboardName = LaunchScreen;
				INFOPLIST_KEY_UISupportedInterfaceOrientations = UIInterfaceOrientationPortrait;
				INFOPLIST_KEY_UISupportedInterfaceOrientations_iPad = "UIInterfaceOrientationLandscapeLeft UIInterfaceOrientationLandscapeRight UIInterfaceOrientationPortrait UIInterfaceOrientationPortraitUpsideDown";
				IPHONEOS_DEPLOYMENT_TARGET = 15.0;
				LD_RUNPATH_SEARCH_PATHS = (
					"$(inherited)",
					"@executable_path/Frameworks",
				);
				MARKETING_VERSION = 1.0;
				PRODUCT_BUNDLE_IDENTIFIER = com.SAI.BloggingMe;
				PRODUCT_NAME = "$(TARGET_NAME)";
				SUPPORTED_PLATFORMS = "iphoneos iphonesimulator";
				SUPPORTS_MACCATALYST = NO;
				SUPPORTS_MAC_DESIGNED_FOR_IPHONE_IPAD = NO;
				SWIFT_EMIT_LOC_STRINGS = YES;
				SWIFT_VERSION = 5.0;
				TARGETED_DEVICE_FAMILY = 1;
			};
			name = Release;
		};
/* End XCBuildConfiguration section */

/* Begin XCConfigurationList section */
		C58C306928EEEC160099ACD7 /* Build configuration list for PBXProject "BloggingMe" */ = {
			isa = XCConfigurationList;
			buildConfigurations = (
				C58C308028EEEC170099ACD7 /* Debug */,
				C58C308128EEEC170099ACD7 /* Release */,
			);
			defaultConfigurationIsVisible = 0;
			defaultConfigurationName = Release;
		};
		C58C308228EEEC170099ACD7 /* Build configuration list for PBXNativeTarget "BloggingMe" */ = {
			isa = XCConfigurationList;
			buildConfigurations = (
				C58C308328EEEC170099ACD7 /* Debug */,
				C58C308428EEEC170099ACD7 /* Release */,
			);
			defaultConfigurationIsVisible = 0;
			defaultConfigurationName = Release;
		};
/* End XCConfigurationList section */
	};
	rootObject = C58C306628EEEC160099ACD7 /* Project object */;
}
